
Microsoft Visual Studio Solution File, Format Version 12.00
# Visual Studio Version 17
VisualStudioVersion = 17.0.31903.59
MinimumVisualStudioVersion = 10.0.40219.1
Project("{FAE04EC0-301F-11D3-BF4B-00C04F79EFBC}") = "BattleshipConsole", "BattleshipConsole.csproj", "{2C51447F-0864-4BCD-B5BF-F0607E6DA283}"
EndProject
Global
	GlobalSection(SolutionConfigurationPlatforms) = preSolution
		Debug|Any CPU = Debug|Any CPU
		Release|Any CPU = Release|Any CPU
	EndGlobalSection
	GlobalSection(SolutionProperties) = preSolution
		HideSolutionNode = FALSE
	EndGlobalSection
	GlobalSection(ProjectConfigurationPlatforms) = postSolution
		{2C51447F-0864-4BCD-B5BF-F0607E6DA283}.Debug|Any CPU.ActiveCfg = Debug|Any CPU
		{2C51447F-0864-4BCD-B5BF-F0607E6DA283}.Debug|Any CPU.Build.0 = Debug|Any CPU
		{2C51447F-0864-4BCD-B5BF-F0607E6DA283}.Release|Any CPU.ActiveCfg = Release|Any CPU
		{2C51447F-0864-4BCD-B5BF-F0607E6DA283}.Release|Any CPU.Build.0 = Release|Any CPU
	EndGlobalSection
EndGlobal
